
Microsoft Visual Studio Solution File, Format Version 12.00
# Visual Studio Version 16
VisualStudioVersion = 16.0.29326.143
MinimumVisualStudioVersion = 10.0.40219.1
Project("{9A19103F-16F7-4668-BE54-9A1E7A4F7556}") = "PR.Patients", "PR.Patients\PR.Patients.csproj", "{70005490-2AD4-401D-B70E-78DEEB78B4FE}"
EndProject
Project("{9A19103F-16F7-4668-BE54-9A1E7A4F7556}") = "PR.Client", "PR.Client\PR.Client.csproj", "{6785BA50-4715-48C4-9C83-2B189FF53574}"
EndProject
Project("{9A19103F-16F7-4668-BE54-9A1E7A4F7556}") = "PR.Notifications", "PR.Notifications\PR.Notifications.csproj", "{17810D61-79BC-4FCD-AC6C-FD235FF52A75}"
EndProject
Global
	GlobalSection(SolutionConfigurationPlatforms) = preSolution
		Debug|Any CPU = Debug|Any CPU
		Release|Any CPU = Release|Any CPU
	EndGlobalSection
	GlobalSection(ProjectConfigurationPlatforms) = postSolution
		{70005490-2AD4-401D-B70E-78DEEB78B4FE}.Debug|Any CPU.ActiveCfg = Debug|Any CPU
		{70005490-2AD4-401D-B70E-78DEEB78B4FE}.Debug|Any CPU.Build.0 = Debug|Any CPU
		{70005490-2AD4-401D-B70E-78DEEB78B4FE}.Release|Any CPU.ActiveCfg = Release|Any CPU
		{70005490-2AD4-401D-B70E-78DEEB78B4FE}.Release|Any CPU.Build.0 = Release|Any CPU
		{6785BA50-4715-48C4-9C83-2B189FF53574}.Debug|Any CPU.ActiveCfg = Debug|Any CPU
		{6785BA50-4715-48C4-9C83-2B189FF53574}.Debug|Any CPU.Build.0 = Debug|Any CPU
		{6785BA50-4715-48C4-9C83-2B189FF53574}.Release|Any CPU.ActiveCfg = Release|Any CPU
		{6785BA50-4715-48C4-9C83-2B189FF53574}.Release|Any CPU.Build.0 = Release|Any CPU
		{17810D61-79BC-4FCD-AC6C-FD235FF52A75}.Debug|Any CPU.ActiveCfg = Debug|Any CPU
		{17810D61-79BC-4FCD-AC6C-FD235FF52A75}.Debug|Any CPU.Build.0 = Debug|Any CPU
		{17810D61-79BC-4FCD-AC6C-FD235FF52A75}.Release|Any CPU.ActiveCfg = Release|Any CPU
		{17810D61-79BC-4FCD-AC6C-FD235FF52A75}.Release|Any CPU.Build.0 = Release|Any CPU
	EndGlobalSection
	GlobalSection(SolutionProperties) = preSolution
		HideSolutionNode = FALSE
	EndGlobalSection
	GlobalSection(ExtensibilityGlobals) = postSolution
		SolutionGuid = {64CD2967-2FAF-4C0C-89A1-8FA8DADF7B15}
	EndGlobalSection
EndGlobal
